
Microsoft Visual Studio Solution File, Format Version 12.00
# Visual Studio 15
VisualStudioVersion = 15.0.27130.2010
MinimumVisualStudioVersion = 10.0.40219.1
Project("{FAE04EC0-301F-11D3-BF4B-00C04F79EFBC}") = "Imglib", "Imglib\Imglib.csproj", "{A5FFD05C-A908-4934-BEC3-00446364A59F}"
EndProject
Project("{FAE04EC0-301F-11D3-BF4B-00C04F79EFBC}") = "WebContent", "WebContent\WebContent.csproj", "{6AA8CE27-62B4-4A45-A28D-98BE4B3ED248}"
EndProject
Project("{2150E333-8FDC-42A3-9474-1A3956D46DE8}") = "Web", "Web", "{FF6E5137-03E2-4BAC-9BB6-CDD2E1F90FA1}"
EndProject
Project("{FAE04EC0-301F-11D3-BF4B-00C04F79EFBC}") = "Host", "Host\Host.csproj", "{6E4612F4-7E38-425F-BBB9-4AEADA1D78AA}"
EndProject
Project("{2150E333-8FDC-42A3-9474-1A3956D46DE8}") = "Repository", "Repository", "{0CB3E6ED-1B34-4761-91BA-641260DD8582}"
EndProject
Project("{FAE04EC0-301F-11D3-BF4B-00C04F79EFBC}") = "Repository", "Repository\Repository.csproj", "{2649F97F-C2FC-475F-80C0-2FCDB1B14688}"
EndProject
Project("{D954291E-2A0B-460D-934E-DC6B0785DB48}") = "Shared", "Shared\Shared.shproj", "{3CE2EC8F-3130-4FF8-B065-FAA2349A0343}"
EndProject
Project("{2150E333-8FDC-42A3-9474-1A3956D46DE8}") = "Test", "Test", "{DE596728-8635-4BEB-824C-D53D530B5ABF}"
EndProject
Project("{FAE04EC0-301F-11D3-BF4B-00C04F79EFBC}") = "Host.Test", "Host.Test\Host.Test.csproj", "{F20EE870-5A07-48A1-8CC0-34E66178F0A9}"
EndProject
Project("{FAE04EC0-301F-11D3-BF4B-00C04F79EFBC}") = "Repository.Test", "Repository.Test\Repository.Test.csproj", "{382FE6DD-BD52-48DD-91D9-4871C685E4DC}"
EndProject
Global
	GlobalSection(SharedMSBuildProjectFiles) = preSolution
		Shared\Shared.projitems*{3ce2ec8f-3130-4ff8-b065-faa2349a0343}*SharedItemsImports = 13
	EndGlobalSection
	GlobalSection(SolutionConfigurationPlatforms) = preSolution
		Debug|Any CPU = Debug|Any CPU
		Release|Any CPU = Release|Any CPU
	EndGlobalSection
	GlobalSection(ProjectConfigurationPlatforms) = postSolution
		{A5FFD05C-A908-4934-BEC3-00446364A59F}.Debug|Any CPU.ActiveCfg = Debug|Any CPU
		{A5FFD05C-A908-4934-BEC3-00446364A59F}.Debug|Any CPU.Build.0 = Debug|Any CPU
		{A5FFD05C-A908-4934-BEC3-00446364A59F}.Release|Any CPU.ActiveCfg = Release|Any CPU
		{A5FFD05C-A908-4934-BEC3-00446364A59F}.Release|Any CPU.Build.0 = Release|Any CPU
		{6AA8CE27-62B4-4A45-A28D-98BE4B3ED248}.Debug|Any CPU.ActiveCfg = Debug|Any CPU
		{6AA8CE27-62B4-4A45-A28D-98BE4B3ED248}.Debug|Any CPU.Build.0 = Debug|Any CPU
		{6AA8CE27-62B4-4A45-A28D-98BE4B3ED248}.Release|Any CPU.ActiveCfg = Release|Any CPU
		{6AA8CE27-62B4-4A45-A28D-98BE4B3ED248}.Release|Any CPU.Build.0 = Release|Any CPU
		{6E4612F4-7E38-425F-BBB9-4AEADA1D78AA}.Debug|Any CPU.ActiveCfg = Debug|Any CPU
		{6E4612F4-7E38-425F-BBB9-4AEADA1D78AA}.Debug|Any CPU.Build.0 = Debug|Any CPU
		{6E4612F4-7E38-425F-BBB9-4AEADA1D78AA}.Release|Any CPU.ActiveCfg = Release|Any CPU
		{6E4612F4-7E38-425F-BBB9-4AEADA1D78AA}.Release|Any CPU.Build.0 = Release|Any CPU
		{2649F97F-C2FC-475F-80C0-2FCDB1B14688}.Debug|Any CPU.ActiveCfg = Debug|Any CPU
		{2649F97F-C2FC-475F-80C0-2FCDB1B14688}.Debug|Any CPU.Build.0 = Debug|Any CPU
		{2649F97F-C2FC-475F-80C0-2FCDB1B14688}.Release|Any CPU.ActiveCfg = Release|Any CPU
		{2649F97F-C2FC-475F-80C0-2FCDB1B14688}.Release|Any CPU.Build.0 = Release|Any CPU
		{F20EE870-5A07-48A1-8CC0-34E66178F0A9}.Debug|Any CPU.ActiveCfg = Debug|Any CPU
		{F20EE870-5A07-48A1-8CC0-34E66178F0A9}.Debug|Any CPU.Build.0 = Debug|Any CPU
		{F20EE870-5A07-48A1-8CC0-34E66178F0A9}.Release|Any CPU.ActiveCfg = Release|Any CPU
		{F20EE870-5A07-48A1-8CC0-34E66178F0A9}.Release|Any CPU.Build.0 = Release|Any CPU
		{382FE6DD-BD52-48DD-91D9-4871C685E4DC}.Debug|Any CPU.ActiveCfg = Debug|Any CPU
		{382FE6DD-BD52-48DD-91D9-4871C685E4DC}.Debug|Any CPU.Build.0 = Debug|Any CPU
		{382FE6DD-BD52-48DD-91D9-4871C685E4DC}.Release|Any CPU.ActiveCfg = Release|Any CPU
		{382FE6DD-BD52-48DD-91D9-4871C685E4DC}.Release|Any CPU.Build.0 = Release|Any CPU
	EndGlobalSection
	GlobalSection(SolutionProperties) = preSolution
		HideSolutionNode = FALSE
	EndGlobalSection
	GlobalSection(NestedProjects) = preSolution
		{6AA8CE27-62B4-4A45-A28D-98BE4B3ED248} = {FF6E5137-03E2-4BAC-9BB6-CDD2E1F90FA1}
		{6E4612F4-7E38-425F-BBB9-4AEADA1D78AA} = {FF6E5137-03E2-4BAC-9BB6-CDD2E1F90FA1}
		{2649F97F-C2FC-475F-80C0-2FCDB1B14688} = {0CB3E6ED-1B34-4761-91BA-641260DD8582}
		{F20EE870-5A07-48A1-8CC0-34E66178F0A9} = {DE596728-8635-4BEB-824C-D53D530B5ABF}
		{382FE6DD-BD52-48DD-91D9-4871C685E4DC} = {DE596728-8635-4BEB-824C-D53D530B5ABF}
	EndGlobalSection
	GlobalSection(ExtensibilityGlobals) = postSolution
		SolutionGuid = {00E32880-D98D-47CD-A1DA-C44FABDE6399}
	EndGlobalSection
EndGlobal
